// !$*UTF8*$!
{
	archiveVersion = 1;
	classes = {
	};
	objectVersion = 50;
	objects = {

/* Begin PBXBuildFile section */
		581843A02662ADB600D73967 /* RaffleListVM.swift in Sources */ = {isa = PBXBuildFile; fileRef = 5818439F2662ADB600D73967 /* RaffleListVM.swift */; };
		581843A22662C1B800D73967 /* RaffleView.swift in Sources */ = {isa = PBXBuildFile; fileRef = 581843A12662C1B800D73967 /* RaffleView.swift */; };
		583ED8712664684400998E19 /* DetailVM.swift in Sources */ = {isa = PBXBuildFile; fileRef = 583ED8702664684400998E19 /* DetailVM.swift */; };
		589F31E726615B0200B75415 /* RaffleMakerApp.swift in Sources */ = {isa = PBXBuildFile; fileRef = 589F31E626615B0200B75415 /* RaffleMakerApp.swift */; };
		589F31E926615B0200B75415 /* RaffleListView.swift in Sources */ = {isa = PBXBuildFile; fileRef = 589F31E826615B0200B75415 /* RaffleListView.swift */; };
		589F31EB26615B0400B75415 /* Assets.xcassets in Resources */ = {isa = PBXBuildFile; fileRef = 589F31EA26615B0400B75415 /* Assets.xcassets */; };
		589F31EE26615B0400B75415 /* Preview Assets.xcassets in Resources */ = {isa = PBXBuildFile; fileRef = 589F31ED26615B0400B75415 /* Preview Assets.xcassets */; };
		589F31F726615C1600B75415 /* NetworkHelper.swift in Sources */ = {isa = PBXBuildFile; fileRef = 589F31F626615C1600B75415 /* NetworkHelper.swift */; };
		589F31F926615C2F00B75415 /* AppError.swift in Sources */ = {isa = PBXBuildFile; fileRef = 589F31F826615C2F00B75415 /* AppError.swift */; };
		589F31FB26615C6A00B75415 /* RaffleAPIClient.swift in Sources */ = {isa = PBXBuildFile; fileRef = 589F31FA26615C6A00B75415 /* RaffleAPIClient.swift */; };
		589F31FE26615E0900B75415 /* ParticipantModel.swift in Sources */ = {isa = PBXBuildFile; fileRef = 589F31FD26615E0900B75415 /* ParticipantModel.swift */; };
		589F320026615E1600B75415 /* RaffleModel.swift in Sources */ = {isa = PBXBuildFile; fileRef = 589F31FF26615E1600B75415 /* RaffleModel.swift */; };
		589F3216266197D000B75415 /* RaffleMakerTests.swift in Sources */ = {isa = PBXBuildFile; fileRef = 589F3215266197D000B75415 /* RaffleMakerTests.swift */; };
		58E9C4902664447C00CE14F0 /* Alert+Extension.swift in Sources */ = {isa = PBXBuildFile; fileRef = 58E9C48F2664447C00CE14F0 /* Alert+Extension.swift */; };
		58E9C4932664494C00CE14F0 /* DetailView.swift in Sources */ = {isa = PBXBuildFile; fileRef = 58E9C4922664494C00CE14F0 /* DetailView.swift */; };
		58E9C49526644C9100CE14F0 /* NewRaffleView.swift in Sources */ = {isa = PBXBuildFile; fileRef = 58E9C49426644C9100CE14F0 /* NewRaffleView.swift */; };
/* End PBXBuildFile section */

/* Begin PBXContainerItemProxy section */
		589F3218266197D000B75415 /* PBXContainerItemProxy */ = {
			isa = PBXContainerItemProxy;
			containerPortal = 589F31DB26615B0200B75415 /* Project object */;
			proxyType = 1;
			remoteGlobalIDString = 589F31E226615B0200B75415;
			remoteInfo = RaffleMaker;
		};
/* End PBXContainerItemProxy section */

/* Begin PBXFileReference section */
		5818439F2662ADB600D73967 /* RaffleListVM.swift */ = {isa = PBXFileReference; lastKnownFileType = sourcecode.swift; path = RaffleListVM.swift; sourceTree = "<group>"; };
		581843A12662C1B800D73967 /* RaffleView.swift */ = {isa = PBXFileReference; lastKnownFileType = sourcecode.swift; path = RaffleView.swift; sourceTree = "<group>"; };
		583ED8702664684400998E19 /* DetailVM.swift */ = {isa = PBXFileReference; lastKnownFileType = sourcecode.swift; path = DetailVM.swift; sourceTree = "<group>"; };
		589F31E326615B0200B75415 /* RaffleMaker.app */ = {isa = PBXFileReference; explicitFileType = wrapper.application; includeInIndex = 0; path = RaffleMaker.app; sourceTree = BUILT_PRODUCTS_DIR; };
		589F31E626615B0200B75415 /* RaffleMakerApp.swift */ = {isa = PBXFileReference; lastKnownFileType = sourcecode.swift; path = RaffleMakerApp.swift; sourceTree = "<group>"; };
		589F31E826615B0200B75415 /* RaffleListView.swift */ = {isa = PBXFileReference; lastKnownFileType = sourcecode.swift; path = RaffleListView.swift; sourceTree = "<group>"; };
		589F31EA26615B0400B75415 /* Assets.xcassets */ = {isa = PBXFileReference; lastKnownFileType = folder.assetcatalog; path = Assets.xcassets; sourceTree = "<group>"; };
		589F31ED26615B0400B75415 /* Preview Assets.xcassets */ = {isa = PBXFileReference; lastKnownFileType = folder.assetcatalog; path = "Preview Assets.xcassets"; sourceTree = "<group>"; };
		589F31EF26615B0400B75415 /* Info.plist */ = {isa = PBXFileReference; lastKnownFileType = text.plist.xml; path = Info.plist; sourceTree = "<group>"; };
		589F31F626615C1600B75415 /* NetworkHelper.swift */ = {isa = PBXFileReference; lastKnownFileType = sourcecode.swift; path = NetworkHelper.swift; sourceTree = "<group>"; };
		589F31F826615C2F00B75415 /* AppError.swift */ = {isa = PBXFileReference; lastKnownFileType = sourcecode.swift; path = AppError.swift; sourceTree = "<group>"; };
		589F31FA26615C6A00B75415 /* RaffleAPIClient.swift */ = {isa = PBXFileReference; lastKnownFileType = sourcecode.swift; path = RaffleAPIClient.swift; sourceTree = "<group>"; };
		589F31FD26615E0900B75415 /* ParticipantModel.swift */ = {isa = PBXFileReference; lastKnownFileType = sourcecode.swift; path = ParticipantModel.swift; sourceTree = "<group>"; };
		589F31FF26615E1600B75415 /* RaffleModel.swift */ = {isa = PBXFileReference; lastKnownFileType = sourcecode.swift; path = RaffleModel.swift; sourceTree = "<group>"; };
		589F3213266197D000B75415 /* RaffleMakerTests.xctest */ = {isa = PBXFileReference; explicitFileType = wrapper.cfbundle; includeInIndex = 0; path = RaffleMakerTests.xctest; sourceTree = BUILT_PRODUCTS_DIR; };
		589F3215266197D000B75415 /* RaffleMakerTests.swift */ = {isa = PBXFileReference; lastKnownFileType = sourcecode.swift; path = RaffleMakerTests.swift; sourceTree = "<group>"; };
		589F3217266197D000B75415 /* Info.plist */ = {isa = PBXFileReference; lastKnownFileType = text.plist.xml; path = Info.plist; sourceTree = "<group>"; };
		58E9C48F2664447C00CE14F0 /* Alert+Extension.swift */ = {isa = PBXFileReference; lastKnownFileType = sourcecode.swift; path = "Alert+Extension.swift"; sourceTree = "<group>"; };
		58E9C4922664494C00CE14F0 /* DetailView.swift */ = {isa = PBXFileReference; lastKnownFileType = sourcecode.swift; path = DetailView.swift; sourceTree = "<group>"; };
		58E9C49426644C9100CE14F0 /* NewRaffleView.swift */ = {isa = PBXFileReference; lastKnownFileType = sourcecode.swift; path = NewRaffleView.swift; sourceTree = "<group>"; };
/* End PBXFileReference section */

/* Begin PBXFrameworksBuildPhase section */
		589F31E026615B0200B75415 /* Frameworks */ = {
			isa = PBXFrameworksBuildPhase;
			buildActionMask = 2147483647;
			files = (
			);
			runOnlyForDeploymentPostprocessing = 0;
		};
		589F3210266197D000B75415 /* Frameworks */ = {
			isa = PBXFrameworksBuildPhase;
			buildActionMask = 2147483647;
			files = (
			);
			runOnlyForDeploymentPostprocessing = 0;
		};
/* End PBXFrameworksBuildPhase section */

/* Begin PBXGroup section */
		583ED86F2664682300998E19 /* ViewModels */ = {
			isa = PBXGroup;
			children = (
				5818439F2662ADB600D73967 /* RaffleListVM.swift */,
				583ED8702664684400998E19 /* DetailVM.swift */,
			);
			path = ViewModels;
			sourceTree = "<group>";
		};
		589F31DA26615B0200B75415 = {
			isa = PBXGroup;
			children = (
				589F31E526615B0200B75415 /* RaffleMaker */,
				589F3214266197D000B75415 /* RaffleMakerTests */,
				589F31E426615B0200B75415 /* Products */,
			);
			sourceTree = "<group>";
		};
		589F31E426615B0200B75415 /* Products */ = {
			isa = PBXGroup;
			children = (
				589F31E326615B0200B75415 /* RaffleMaker.app */,
				589F3213266197D000B75415 /* RaffleMakerTests.xctest */,
			);
			name = Products;
			sourceTree = "<group>";
		};
		589F31E526615B0200B75415 /* RaffleMaker */ = {
			isa = PBXGroup;
			children = (
				589F31F526615B9600B75415 /* Networking */,
				589F31FC26615DE200B75415 /* Models */,
				583ED86F2664682300998E19 /* ViewModels */,
				58E9C4912664491D00CE14F0 /* Views */,
				58E9C48E2664445600CE14F0 /* HelperFiles */,
				589F31E626615B0200B75415 /* RaffleMakerApp.swift */,
				589F31EA26615B0400B75415 /* Assets.xcassets */,
				589F31EF26615B0400B75415 /* Info.plist */,
				589F31EC26615B0400B75415 /* Preview Content */,
			);
			path = RaffleMaker;
			sourceTree = "<group>";
		};
		589F31EC26615B0400B75415 /* Preview Content */ = {
			isa = PBXGroup;
			children = (
				589F31ED26615B0400B75415 /* Preview Assets.xcassets */,
			);
			path = "Preview Content";
			sourceTree = "<group>";
		};
		589F31F526615B9600B75415 /* Networking */ = {
			isa = PBXGroup;
			children = (
				589F31F626615C1600B75415 /* NetworkHelper.swift */,
				589F31F826615C2F00B75415 /* AppError.swift */,
				589F31FA26615C6A00B75415 /* RaffleAPIClient.swift */,
			);
			path = Networking;
			sourceTree = "<group>";
		};
		589F31FC26615DE200B75415 /* Models */ = {
			isa = PBXGroup;
			children = (
				589F31FD26615E0900B75415 /* ParticipantModel.swift */,
				589F31FF26615E1600B75415 /* RaffleModel.swift */,
			);
			path = Models;
			sourceTree = "<group>";
		};
		589F3214266197D000B75415 /* RaffleMakerTests */ = {
			isa = PBXGroup;
			children = (
				589F3215266197D000B75415 /* RaffleMakerTests.swift */,
				589F3217266197D000B75415 /* Info.plist */,
			);
			path = RaffleMakerTests;
			sourceTree = "<group>";
		};
		58E9C48E2664445600CE14F0 /* HelperFiles */ = {
			isa = PBXGroup;
			children = (
				58E9C48F2664447C00CE14F0 /* Alert+Extension.swift */,
			);
			path = HelperFiles;
			sourceTree = "<group>";
		};
		58E9C4912664491D00CE14F0 /* Views */ = {
			isa = PBXGroup;
			children = (
				58E9C4922664494C00CE14F0 /* DetailView.swift */,
				589F31E826615B0200B75415 /* RaffleListView.swift */,
				58E9C49426644C9100CE14F0 /* NewRaffleView.swift */,
				581843A12662C1B800D73967 /* RaffleView.swift */,
			);
			path = Views;
			sourceTree = "<group>";
		};
/* End PBXGroup section */

/* Begin PBXNativeTarget section */
		589F31E226615B0200B75415 /* RaffleMaker */ = {
			isa = PBXNativeTarget;
			buildConfigurationList = 589F31F226615B0400B75415 /* Build configuration list for PBXNativeTarget "RaffleMaker" */;
			buildPhases = (
				589F31DF26615B0200B75415 /* Sources */,
				589F31E026615B0200B75415 /* Frameworks */,
				589F31E126615B0200B75415 /* Resources */,
			);
			buildRules = (
			);
			dependencies = (
			);
			name = RaffleMaker;
			productName = RaffleMaker;
			productReference = 589F31E326615B0200B75415 /* RaffleMaker.app */;
			productType = "com.apple.product-type.application";
		};
		589F3212266197D000B75415 /* RaffleMakerTests */ = {
			isa = PBXNativeTarget;
			buildConfigurationList = 589F321A266197D000B75415 /* Build configuration list for PBXNativeTarget "RaffleMakerTests" */;
			buildPhases = (
				589F320F266197D000B75415 /* Sources */,
				589F3210266197D000B75415 /* Frameworks */,
				589F3211266197D000B75415 /* Resources */,
			);
			buildRules = (
			);
			dependencies = (
				589F3219266197D000B75415 /* PBXTargetDependency */,
			);
			name = RaffleMakerTests;
			productName = RaffleMakerTests;
			productReference = 589F3213266197D000B75415 /* RaffleMakerTests.xctest */;
			productType = "com.apple.product-type.bundle.unit-test";
		};
/* End PBXNativeTarget section */

/* Begin PBXProject section */
		589F31DB26615B0200B75415 /* Project object */ = {
			isa = PBXProject;
			attributes = {
				LastSwiftUpdateCheck = 1250;
				LastUpgradeCheck = 1250;
				TargetAttributes = {
					589F31E226615B0200B75415 = {
						CreatedOnToolsVersion = 12.5;
					};
					589F3212266197D000B75415 = {
						CreatedOnToolsVersion = 12.5;
						TestTargetID = 589F31E226615B0200B75415;
					};
				};
			};
			buildConfigurationList = 589F31DE26615B0200B75415 /* Build configuration list for PBXProject "RaffleMaker" */;
			compatibilityVersion = "Xcode 9.3";
			developmentRegion = en;
			hasScannedForEncodings = 0;
			knownRegions = (
				en,
				Base,
			);
			mainGroup = 589F31DA26615B0200B75415;
			productRefGroup = 589F31E426615B0200B75415 /* Products */;
			projectDirPath = "";
			projectRoot = "";
			targets = (
				589F31E226615B0200B75415 /* RaffleMaker */,
				589F3212266197D000B75415 /* RaffleMakerTests */,
			);
		};
/* End PBXProject section */

/* Begin PBXResourcesBuildPhase section */
		589F31E126615B0200B75415 /* Resources */ = {
			isa = PBXResourcesBuildPhase;
			buildActionMask = 2147483647;
			files = (
				589F31EE26615B0400B75415 /* Preview Assets.xcassets in Resources */,
				589F31EB26615B0400B75415 /* Assets.xcassets in Resources */,
			);
			runOnlyForDeploymentPostprocessing = 0;
		};
		589F3211266197D000B75415 /* Resources */ = {
			isa = PBXResourcesBuildPhase;
			buildActionMask = 2147483647;
			files = (
			);
			runOnlyForDeploymentPostprocessing = 0;
		};
/* End PBXResourcesBuildPhase section */

/* Begin PBXSourcesBuildPhase section */
		589F31DF26615B0200B75415 /* Sources */ = {
			isa = PBXSourcesBuildPhase;
			buildActionMask = 2147483647;
			files = (
				589F31F926615C2F00B75415 /* AppError.swift in Sources */,
				589F320026615E1600B75415 /* RaffleModel.swift in Sources */,
				589F31FB26615C6A00B75415 /* RaffleAPIClient.swift in Sources */,
				583ED8712664684400998E19 /* DetailVM.swift in Sources */,
				58E9C49526644C9100CE14F0 /* NewRaffleView.swift in Sources */,
				589F31E926615B0200B75415 /* RaffleListView.swift in Sources */,
				581843A02662ADB600D73967 /* RaffleListVM.swift in Sources */,
				58E9C4932664494C00CE14F0 /* DetailView.swift in Sources */,
				589F31FE26615E0900B75415 /* ParticipantModel.swift in Sources */,
				58E9C4902664447C00CE14F0 /* Alert+Extension.swift in Sources */,
				581843A22662C1B800D73967 /* RaffleView.swift in Sources */,
				589F31F726615C1600B75415 /* NetworkHelper.swift in Sources */,
				589F31E726615B0200B75415 /* RaffleMakerApp.swift in Sources */,
			);
			runOnlyForDeploymentPostprocessing = 0;
		};
		589F320F266197D000B75415 /* Sources */ = {
			isa = PBXSourcesBuildPhase;
			buildActionMask = 2147483647;
			files = (
				589F3216266197D000B75415 /* RaffleMakerTests.swift in Sources */,
			);
			runOnlyForDeploymentPostprocessing = 0;
		};
/* End PBXSourcesBuildPhase section */

/* Begin PBXTargetDependency section */
		589F3219266197D000B75415 /* PBXTargetDependency */ = {
			isa = PBXTargetDependency;
			target = 589F31E226615B0200B75415 /* RaffleMaker */;
			targetProxy = 589F3218266197D000B75415 /* PBXContainerItemProxy */;
		};
/* End PBXTargetDependency section */

/* Begin XCBuildConfiguration section */
		589F31F026615B0400B75415 /* Debug */ = {
			isa = XCBuildConfiguration;
			buildSettings = {
				ALWAYS_SEARCH_USER_PATHS = NO;
				CLANG_ANALYZER_NONNULL = YES;
				CLANG_ANALYZER_NUMBER_OBJECT_CONVERSION = YES_AGGRESSIVE;
				CLANG_CXX_LANGUAGE_STANDARD = "gnu++14";
				CLANG_CXX_LIBRARY = "libc++";
				CLANG_ENABLE_MODULES = YES;
				CLANG_ENABLE_OBJC_ARC = YES;
				CLANG_ENABLE_OBJC_WEAK = YES;
				CLANG_WARN_BLOCK_CAPTURE_AUTORELEASING = YES;
				CLANG_WARN_BOOL_CONVERSION = YES;
				CLANG_WARN_COMMA = YES;
				CLANG_WARN_CONSTANT_CONVERSION = YES;
				CLANG_WARN_DEPRECATED_OBJC_IMPLEMENTATIONS = YES;
				CLANG_WARN_DIRECT_OBJC_ISA_USAGE = YES_ERROR;
				CLANG_WARN_DOCUMENTATION_COMMENTS = YES;
				CLANG_WARN_EMPTY_BODY = YES;
				CLANG_WARN_ENUM_CONVERSION = YES;
				CLANG_WARN_INFINITE_RECURSION = YES;
				CLANG_WARN_INT_CONVERSION = YES;
				CLANG_WARN_NON_LITERAL_NULL_CONVERSION = YES;
				CLANG_WARN_OBJC_IMPLICIT_RETAIN_SELF = YES;
				CLANG_WARN_OBJC_LITERAL_CONVERSION = YES;
				CLANG_WARN_OBJC_ROOT_CLASS = YES_ERROR;
				CLANG_WARN_QUOTED_INCLUDE_IN_FRAMEWORK_HEADER = YES;
				CLANG_WARN_RANGE_LOOP_ANALYSIS = YES;
				CLANG_WARN_STRICT_PROTOTYPES = YES;
				CLANG_WARN_SUSPICIOUS_MOVE = YES;
				CLANG_WARN_UNGUARDED_AVAILABILITY = YES_AGGRESSIVE;
				CLANG_WARN_UNREACHABLE_CODE = YES;
				CLANG_WARN__DUPLICATE_METHOD_MATCH = YES;
				COPY_PHASE_STRIP = NO;
				DEBUG_INFORMATION_FORMAT = dwarf;
				ENABLE_STRICT_OBJC_MSGSEND = YES;
				ENABLE_TESTABILITY = YES;
				GCC_C_LANGUAGE_STANDARD = gnu11;
				GCC_DYNAMIC_NO_PIC = NO;
				GCC_NO_COMMON_BLOCKS = YES;
				GCC_OPTIMIZATION_LEVEL = 0;
				GCC_PREPROCESSOR_DEFINITIONS = (
					"DEBUG=1",
					"$(inherited)",
				);
				GCC_WARN_64_TO_32_BIT_CONVERSION = YES;
				GCC_WARN_ABOUT_RETURN_TYPE = YES_ERROR;
				GCC_WARN_UNDECLARED_SELECTOR = YES;
				GCC_WARN_UNINITIALIZED_AUTOS = YES_AGGRESSIVE;
				GCC_WARN_UNUSED_FUNCTION = YES;
				GCC_WARN_UNUSED_VARIABLE = YES;
				IPHONEOS_DEPLOYMENT_TARGET = 14.5;
				MTL_ENABLE_DEBUG_INFO = INCLUDE_SOURCE;
				MTL_FAST_MATH = YES;
				ONLY_ACTIVE_ARCH = YES;
				SDKROOT = iphoneos;
				SWIFT_ACTIVE_COMPILATION_CONDITIONS = DEBUG;
				SWIFT_OPTIMIZATION_LEVEL = "-Onone";
			};
			name = Debug;
		};
		589F31F126615B0400B75415 /* Release */ = {
			isa = XCBuildConfiguration;
			buildSettings = {
				ALWAYS_SEARCH_USER_PATHS = NO;
				CLANG_ANALYZER_NONNULL = YES;
				CLANG_ANALYZER_NUMBER_OBJECT_CONVERSION = YES_AGGRESSIVE;
				CLANG_CXX_LANGUAGE_STANDARD = "gnu++14";
				CLANG_CXX_LIBRARY = "libc++";
				CLANG_ENABLE_MODULES = YES;
				CLANG_ENABLE_OBJC_ARC = YES;
				CLANG_ENABLE_OBJC_WEAK = YES;
				CLANG_WARN_BLOCK_CAPTURE_AUTORELEASING = YES;
				CLANG_WARN_BOOL_CONVERSION = YES;
				CLANG_WARN_COMMA = YES;
				CLANG_WARN_CONSTANT_CONVERSION = YES;
				CLANG_WARN_DEPRECATED_OBJC_IMPLEMENTATIONS = YES;
				CLANG_WARN_DIRECT_OBJC_ISA_USAGE = YES_ERROR;
				CLANG_WARN_DOCUMENTATION_COMMENTS = YES;
				CLANG_WARN_EMPTY_BODY = YES;
				CLANG_WARN_ENUM_CONVERSION = YES;
				CLANG_WARN_INFINITE_RECURSION = YES;
				CLANG_WARN_INT_CONVERSION = YES;
				CLANG_WARN_NON_LITERAL_NULL_CONVERSION = YES;
				CLANG_WARN_OBJC_IMPLICIT_RETAIN_SELF = YES;
				CLANG_WARN_OBJC_LITERAL_CONVERSION = YES;
				CLANG_WARN_OBJC_ROOT_CLASS = YES_ERROR;
				CLANG_WARN_QUOTED_INCLUDE_IN_FRAMEWORK_HEADER = YES;
				CLANG_WARN_RANGE_LOOP_ANALYSIS = YES;
				CLANG_WARN_STRICT_PROTOTYPES = YES;
				CLANG_WARN_SUSPICIOUS_MOVE = YES;
				CLANG_WARN_UNGUARDED_AVAILABILITY = YES_AGGRESSIVE;
				CLANG_WARN_UNREACHABLE_CODE = YES;
				CLANG_WARN__DUPLICATE_METHOD_MATCH = YES;
				COPY_PHASE_STRIP = NO;
				DEBUG_INFORMATION_FORMAT = "dwarf-with-dsym";
				ENABLE_NS_ASSERTIONS = NO;
				ENABLE_STRICT_OBJC_MSGSEND = YES;
				GCC_C_LANGUAGE_STANDARD = gnu11;
				GCC_NO_COMMON_BLOCKS = YES;
				GCC_WARN_64_TO_32_BIT_CONVERSION = YES;
				GCC_WARN_ABOUT_RETURN_TYPE = YES_ERROR;
				GCC_WARN_UNDECLARED_SELECTOR = YES;
				GCC_WARN_UNINITIALIZED_AUTOS = YES_AGGRESSIVE;
				GCC_WARN_UNUSED_FUNCTION = YES;
				GCC_WARN_UNUSED_VARIABLE = YES;
				IPHONEOS_DEPLOYMENT_TARGET = 14.5;
				MTL_ENABLE_DEBUG_INFO = NO;
				MTL_FAST_MATH = YES;
				SDKROOT = iphoneos;
				SWIFT_COMPILATION_MODE = wholemodule;
				SWIFT_OPTIMIZATION_LEVEL = "-O";
				VALIDATE_PRODUCT = YES;
			};
			name = Release;
		};
		589F31F326615B0400B75415 /* Debug */ = {
			isa = XCBuildConfiguration;
			buildSettings = {
				ASSETCATALOG_COMPILER_APPICON_NAME = AppIcon;
				ASSETCATALOG_COMPILER_GLOBAL_ACCENT_COLOR_NAME = AccentColor;
				CODE_SIGN_STYLE = Automatic;
				DEVELOPMENT_ASSET_PATHS = "\"RaffleMaker/Preview Content\"";
				DEVELOPMENT_TEAM = 3YV6C3YLPG;
				ENABLE_PREVIEWS = YES;
				INFOPLIST_FILE = RaffleMaker/Info.plist;
				IPHONEOS_DEPLOYMENT_TARGET = 14.0;
				LD_RUNPATH_SEARCH_PATHS = (
					"$(inherited)",
					"@executable_path/Frameworks",
				);
				PRODUCT_BUNDLE_IDENTIFIER = org.ericdavenport.RaffleMaker;
				PRODUCT_NAME = "$(TARGET_NAME)";
				SWIFT_VERSION = 5.0;
				TARGETED_DEVICE_FAMILY = "1,2";
			};
			name = Debug;
		};
		589F31F426615B0400B75415 /* Release */ = {
			isa = XCBuildConfiguration;
			buildSettings = {
				ASSETCATALOG_COMPILER_APPICON_NAME = AppIcon;
				ASSETCATALOG_COMPILER_GLOBAL_ACCENT_COLOR_NAME = AccentColor;
				CODE_SIGN_STYLE = Automatic;
				DEVELOPMENT_ASSET_PATHS = "\"RaffleMaker/Preview Content\"";
				DEVELOPMENT_TEAM = 3YV6C3YLPG;
				ENABLE_PREVIEWS = YES;
				INFOPLIST_FILE = RaffleMaker/Info.plist;
				IPHONEOS_DEPLOYMENT_TARGET = 14.0;
				LD_RUNPATH_SEARCH_PATHS = (
					"$(inherited)",
					"@executable_path/Frameworks",
				);
				PRODUCT_BUNDLE_IDENTIFIER = org.ericdavenport.RaffleMaker;
				PRODUCT_NAME = "$(TARGET_NAME)";
				SWIFT_VERSION = 5.0;
				TARGETED_DEVICE_FAMILY = "1,2";
			};
			name = Release;
		};
		589F321B266197D000B75415 /* Debug */ = {
			isa = XCBuildConfiguration;
			buildSettings = {
				BUNDLE_LOADER = "$(TEST_HOST)";
				CODE_SIGN_STYLE = Automatic;
				DEVELOPMENT_TEAM = 3YV6C3YLPG;
				INFOPLIST_FILE = RaffleMakerTests/Info.plist;
				LD_RUNPATH_SEARCH_PATHS = (
					"$(inherited)",
					"@executable_path/Frameworks",
					"@loader_path/Frameworks",
				);
				PRODUCT_BUNDLE_IDENTIFIER = org.ericdavenport.RaffleMakerTests;
				PRODUCT_NAME = "$(TARGET_NAME)";
				SWIFT_VERSION = 5.0;
				TARGETED_DEVICE_FAMILY = "1,2";
				TEST_HOST = "$(BUILT_PRODUCTS_DIR)/RaffleMaker.app/RaffleMaker";
			};
			name = Debug;
		};
		589F321C266197D000B75415 /* Release */ = {
			isa = XCBuildConfiguration;
			buildSettings = {
				BUNDLE_LOADER = "$(TEST_HOST)";
				CODE_SIGN_STYLE = Automatic;
				DEVELOPMENT_TEAM = 3YV6C3YLPG;
				INFOPLIST_FILE = RaffleMakerTests/Info.plist;
				LD_RUNPATH_SEARCH_PATHS = (
					"$(inherited)",
					"@executable_path/Frameworks",
					"@loader_path/Frameworks",
				);
				PRODUCT_BUNDLE_IDENTIFIER = org.ericdavenport.RaffleMakerTests;
				PRODUCT_NAME = "$(TARGET_NAME)";
				SWIFT_VERSION = 5.0;
				TARGETED_DEVICE_FAMILY = "1,2";
				TEST_HOST = "$(BUILT_PRODUCTS_DIR)/RaffleMaker.app/RaffleMaker";
			};
			name = Release;
		};
/* End XCBuildConfiguration section */

/* Begin XCConfigurationList section */
		589F31DE26615B0200B75415 /* Build configuration list for PBXProject "RaffleMaker" */ = {
			isa = XCConfigurationList;
			buildConfigurations = (
				589F31F026615B0400B75415 /* Debug */,
				589F31F126615B0400B75415 /* Release */,
			);
			defaultConfigurationIsVisible = 0;
			defaultConfigurationName = Release;
		};
		589F31F226615B0400B75415 /* Build configuration list for PBXNativeTarget "RaffleMaker" */ = {
			isa = XCConfigurationList;
			buildConfigurations = (
				589F31F326615B0400B75415 /* Debug */,
				589F31F426615B0400B75415 /* Release */,
			);
			defaultConfigurationIsVisible = 0;
			defaultConfigurationName = Release;
		};
		589F321A266197D000B75415 /* Build configuration list for PBXNativeTarget "RaffleMakerTests" */ = {
			isa = XCConfigurationList;
			buildConfigurations = (
				589F321B266197D000B75415 /* Debug */,
				589F321C266197D000B75415 /* Release */,
			);
			defaultConfigurationIsVisible = 0;
			defaultConfigurationName = Release;
		};
/* End XCConfigurationList section */
	};
	rootObject = 589F31DB26615B0200B75415 /* Project object */;
}
